
Microsoft Visual Studio Solution File, Format Version 12.00
# Visual Studio Version 16
VisualStudioVersion = 16.0.30523.141
MinimumVisualStudioVersion = 10.0.40219.1
Project("{FAE04EC0-301F-11D3-BF4B-00C04F79EFBC}") = "Projekt_CSharp", "Projekt_CSharp\Projekt_CSharp.csproj", "{03ABA58B-7A15-43C5-9921-27D70A6C1974}"
EndProject
Project("{FAE04EC0-301F-11D3-BF4B-00C04F79EFBC}") = "XUnitTestProject1", "XUnitTestProject1\XUnitTestProject1.csproj", "{80073C32-43B4-4F1C-944A-CDE54CE6E519}"
EndProject
Global
	GlobalSection(SolutionConfigurationPlatforms) = preSolution
		Debug|Any CPU = Debug|Any CPU
		Release|Any CPU = Release|Any CPU
	EndGlobalSection
	GlobalSection(ProjectConfigurationPlatforms) = postSolution
		{03ABA58B-7A15-43C5-9921-27D70A6C1974}.Debug|Any CPU.ActiveCfg = Debug|Any CPU
		{03ABA58B-7A15-43C5-9921-27D70A6C1974}.Debug|Any CPU.Build.0 = Debug|Any CPU
		{03ABA58B-7A15-43C5-9921-27D70A6C1974}.Release|Any CPU.ActiveCfg = Release|Any CPU
		{03ABA58B-7A15-43C5-9921-27D70A6C1974}.Release|Any CPU.Build.0 = Release|Any CPU
		{80073C32-43B4-4F1C-944A-CDE54CE6E519}.Debug|Any CPU.ActiveCfg = Debug|Any CPU
		{80073C32-43B4-4F1C-944A-CDE54CE6E519}.Debug|Any CPU.Build.0 = Debug|Any CPU
		{80073C32-43B4-4F1C-944A-CDE54CE6E519}.Release|Any CPU.ActiveCfg = Release|Any CPU
		{80073C32-43B4-4F1C-944A-CDE54CE6E519}.Release|Any CPU.Build.0 = Release|Any CPU
	EndGlobalSection
	GlobalSection(SolutionProperties) = preSolution
		HideSolutionNode = FALSE
	EndGlobalSection
	GlobalSection(ExtensibilityGlobals) = postSolution
		SolutionGuid = {8F64781E-49B9-43A2-961E-593C14ED0DFA}
	EndGlobalSection
EndGlobal
